// !$*UTF8*$!
{
	archiveVersion = 1;
	classes = {
	};
	objectVersion = 56;
	objects = {

/* Begin PBXBuildFile section */
		754C56AA28F9436600A9F956 /* AppDelegate.swift in Sources */ = {isa = PBXBuildFile; fileRef = 754C56A928F9436600A9F956 /* AppDelegate.swift */; };
		754C56AC28F9436600A9F956 /* SceneDelegate.swift in Sources */ = {isa = PBXBuildFile; fileRef = 754C56AB28F9436600A9F956 /* SceneDelegate.swift */; };
		754C56AE28F9436600A9F956 /* GamesViewController.swift in Sources */ = {isa = PBXBuildFile; fileRef = 754C56AD28F9436600A9F956 /* GamesViewController.swift */; };
		754C56B128F9436600A9F956 /* Games.storyboard in Resources */ = {isa = PBXBuildFile; fileRef = 754C56AF28F9436600A9F956 /* Games.storyboard */; };
		754C56B428F9436600A9F956 /* pinch.xcdatamodeld in Sources */ = {isa = PBXBuildFile; fileRef = 754C56B228F9436600A9F956 /* pinch.xcdatamodeld */; };
		754C56B628F9436700A9F956 /* Assets.xcassets in Resources */ = {isa = PBXBuildFile; fileRef = 754C56B528F9436700A9F956 /* Assets.xcassets */; };
		754C56B928F9436700A9F956 /* LaunchScreen.storyboard in Resources */ = {isa = PBXBuildFile; fileRef = 754C56B728F9436700A9F956 /* LaunchScreen.storyboard */; };
		754C56C128F9586400A9F956 /* EasyRequest.swift in Sources */ = {isa = PBXBuildFile; fileRef = 754C56C028F9586400A9F956 /* EasyRequest.swift */; };
		754C56C528F95FD000A9F956 /* EndPointService.swift in Sources */ = {isa = PBXBuildFile; fileRef = 754C56C428F95FD000A9F956 /* EndPointService.swift */; };
		754C56C828F9601B00A9F956 /* ServiceWrapper.swift in Sources */ = {isa = PBXBuildFile; fileRef = 754C56C728F9601B00A9F956 /* ServiceWrapper.swift */; };
		754C56CA28F9603D00A9F956 /* DependencyResolver.swift in Sources */ = {isa = PBXBuildFile; fileRef = 754C56C928F9603D00A9F956 /* DependencyResolver.swift */; };
		754C56CC28F9605700A9F956 /* DependencyGraph.swift in Sources */ = {isa = PBXBuildFile; fileRef = 754C56CB28F9605700A9F956 /* DependencyGraph.swift */; };
		754C56CE28F9609700A9F956 /* EndPointServiceType.swift in Sources */ = {isa = PBXBuildFile; fileRef = 754C56CD28F9609700A9F956 /* EndPointServiceType.swift */; };
		754C56D128F96F0A00A9F956 /* Game.swift in Sources */ = {isa = PBXBuildFile; fileRef = 754C56D028F96F0A00A9F956 /* Game.swift */; };
		754C56D728F9DF4A00A9F956 /* Storyboarded.swift in Sources */ = {isa = PBXBuildFile; fileRef = 754C56D628F9DF4A00A9F956 /* Storyboarded.swift */; };
		754C56D928F9E02200A9F956 /* GamesViewModelType.swift in Sources */ = {isa = PBXBuildFile; fileRef = 754C56D828F9E02200A9F956 /* GamesViewModelType.swift */; };
		754C56DB28F9E02B00A9F956 /* GamesViewModel.swift in Sources */ = {isa = PBXBuildFile; fileRef = 754C56DA28F9E02B00A9F956 /* GamesViewModel.swift */; };
		754C56DE28F9E43300A9F956 /* Coordinator.swift in Sources */ = {isa = PBXBuildFile; fileRef = 754C56DD28F9E43300A9F956 /* Coordinator.swift */; };
		754C56E028F9E45D00A9F956 /* MainCoordinator.swift in Sources */ = {isa = PBXBuildFile; fileRef = 754C56DF28F9E45D00A9F956 /* MainCoordinator.swift */; };
		754C56E228F9E4F900A9F956 /* GamesCoordinator.swift in Sources */ = {isa = PBXBuildFile; fileRef = 754C56E128F9E4F900A9F956 /* GamesCoordinator.swift */; };
		754C56E628F9E9D900A9F956 /* ErrorViewController.swift in Sources */ = {isa = PBXBuildFile; fileRef = 754C56E528F9E9D900A9F956 /* ErrorViewController.swift */; };
		754C56E828F9E9E300A9F956 /* ErrorViewModel.swift in Sources */ = {isa = PBXBuildFile; fileRef = 754C56E728F9E9E300A9F956 /* ErrorViewModel.swift */; };
		754C56EA28F9E9EE00A9F956 /* ErrorViewModelType.swift in Sources */ = {isa = PBXBuildFile; fileRef = 754C56E928F9E9EE00A9F956 /* ErrorViewModelType.swift */; };
		754C56ED28F9FBB700A9F956 /* CellConfigurable.swift in Sources */ = {isa = PBXBuildFile; fileRef = 754C56EC28F9FBB700A9F956 /* CellConfigurable.swift */; };
		754C56EF28F9FC8F00A9F956 /* GameCellViewModel.swift in Sources */ = {isa = PBXBuildFile; fileRef = 754C56EE28F9FC8F00A9F956 /* GameCellViewModel.swift */; };
		754C56F128F9FDE600A9F956 /* GameCell.swift in Sources */ = {isa = PBXBuildFile; fileRef = 754C56F028F9FDE600A9F956 /* GameCell.swift */; };
		754C56F328F9FE7800A9F956 /* GameCell.xib in Resources */ = {isa = PBXBuildFile; fileRef = 754C56F228F9FE7800A9F956 /* GameCell.xib */; };
		EE66ECCDAD20DD7B5DF3AD35 /* Pods_pinch.framework in Frameworks */ = {isa = PBXBuildFile; fileRef = 697B909A76462875ACAD959A /* Pods_pinch.framework */; };
/* End PBXBuildFile section */

/* Begin PBXFileReference section */
		15570E09228FD99BA5BB8573 /* Pods-pinch.debug.xcconfig */ = {isa = PBXFileReference; includeInIndex = 1; lastKnownFileType = text.xcconfig; name = "Pods-pinch.debug.xcconfig"; path = "Target Support Files/Pods-pinch/Pods-pinch.debug.xcconfig"; sourceTree = "<group>"; };
		697B909A76462875ACAD959A /* Pods_pinch.framework */ = {isa = PBXFileReference; explicitFileType = wrapper.framework; includeInIndex = 0; path = Pods_pinch.framework; sourceTree = BUILT_PRODUCTS_DIR; };
		7205E68CDF292476DB1AA87E /* Pods-pinch.release.xcconfig */ = {isa = PBXFileReference; includeInIndex = 1; lastKnownFileType = text.xcconfig; name = "Pods-pinch.release.xcconfig"; path = "Target Support Files/Pods-pinch/Pods-pinch.release.xcconfig"; sourceTree = "<group>"; };
		754C56A628F9436600A9F956 /* pinch.app */ = {isa = PBXFileReference; explicitFileType = wrapper.application; includeInIndex = 0; path = pinch.app; sourceTree = BUILT_PRODUCTS_DIR; };
		754C56A928F9436600A9F956 /* AppDelegate.swift */ = {isa = PBXFileReference; lastKnownFileType = sourcecode.swift; path = AppDelegate.swift; sourceTree = "<group>"; };
		754C56AB28F9436600A9F956 /* SceneDelegate.swift */ = {isa = PBXFileReference; lastKnownFileType = sourcecode.swift; path = SceneDelegate.swift; sourceTree = "<group>"; };
		754C56AD28F9436600A9F956 /* GamesViewController.swift */ = {isa = PBXFileReference; lastKnownFileType = sourcecode.swift; path = GamesViewController.swift; sourceTree = "<group>"; };
		754C56B028F9436600A9F956 /* Base */ = {isa = PBXFileReference; lastKnownFileType = file.storyboard; name = Base; path = Base.lproj/Games.storyboard; sourceTree = "<group>"; };
		754C56B328F9436600A9F956 /* pinch.xcdatamodel */ = {isa = PBXFileReference; lastKnownFileType = wrapper.xcdatamodel; path = pinch.xcdatamodel; sourceTree = "<group>"; };
		754C56B528F9436700A9F956 /* Assets.xcassets */ = {isa = PBXFileReference; lastKnownFileType = folder.assetcatalog; path = Assets.xcassets; sourceTree = "<group>"; };
		754C56B828F9436700A9F956 /* Base */ = {isa = PBXFileReference; lastKnownFileType = file.storyboard; name = Base; path = Base.lproj/LaunchScreen.storyboard; sourceTree = "<group>"; };
		754C56BA28F9436700A9F956 /* Info.plist */ = {isa = PBXFileReference; lastKnownFileType = text.plist.xml; path = Info.plist; sourceTree = "<group>"; };
		754C56C028F9586400A9F956 /* EasyRequest.swift */ = {isa = PBXFileReference; lastKnownFileType = sourcecode.swift; path = EasyRequest.swift; sourceTree = "<group>"; };
		754C56C428F95FD000A9F956 /* EndPointService.swift */ = {isa = PBXFileReference; lastKnownFileType = sourcecode.swift; path = EndPointService.swift; sourceTree = "<group>"; };
		754C56C728F9601B00A9F956 /* ServiceWrapper.swift */ = {isa = PBXFileReference; lastKnownFileType = sourcecode.swift; path = ServiceWrapper.swift; sourceTree = "<group>"; };
		754C56C928F9603D00A9F956 /* DependencyResolver.swift */ = {isa = PBXFileReference; lastKnownFileType = sourcecode.swift; path = DependencyResolver.swift; sourceTree = "<group>"; };
		754C56CB28F9605700A9F956 /* DependencyGraph.swift */ = {isa = PBXFileReference; lastKnownFileType = sourcecode.swift; path = DependencyGraph.swift; sourceTree = "<group>"; };
		754C56CD28F9609700A9F956 /* EndPointServiceType.swift */ = {isa = PBXFileReference; lastKnownFileType = sourcecode.swift; path = EndPointServiceType.swift; sourceTree = "<group>"; };
		754C56D028F96F0A00A9F956 /* Game.swift */ = {isa = PBXFileReference; lastKnownFileType = sourcecode.swift; path = Game.swift; sourceTree = "<group>"; };
		754C56D628F9DF4A00A9F956 /* Storyboarded.swift */ = {isa = PBXFileReference; lastKnownFileType = sourcecode.swift; path = Storyboarded.swift; sourceTree = "<group>"; };
		754C56D828F9E02200A9F956 /* GamesViewModelType.swift */ = {isa = PBXFileReference; lastKnownFileType = sourcecode.swift; path = GamesViewModelType.swift; sourceTree = "<group>"; };
		754C56DA28F9E02B00A9F956 /* GamesViewModel.swift */ = {isa = PBXFileReference; lastKnownFileType = sourcecode.swift; path = GamesViewModel.swift; sourceTree = "<group>"; };
		754C56DD28F9E43300A9F956 /* Coordinator.swift */ = {isa = PBXFileReference; lastKnownFileType = sourcecode.swift; path = Coordinator.swift; sourceTree = "<group>"; };
		754C56DF28F9E45D00A9F956 /* MainCoordinator.swift */ = {isa = PBXFileReference; lastKnownFileType = sourcecode.swift; path = MainCoordinator.swift; sourceTree = "<group>"; };
		754C56E128F9E4F900A9F956 /* GamesCoordinator.swift */ = {isa = PBXFileReference; lastKnownFileType = sourcecode.swift; path = GamesCoordinator.swift; sourceTree = "<group>"; };
		754C56E528F9E9D900A9F956 /* ErrorViewController.swift */ = {isa = PBXFileReference; lastKnownFileType = sourcecode.swift; path = ErrorViewController.swift; sourceTree = "<group>"; };
		754C56E728F9E9E300A9F956 /* ErrorViewModel.swift */ = {isa = PBXFileReference; lastKnownFileType = sourcecode.swift; path = ErrorViewModel.swift; sourceTree = "<group>"; };
		754C56E928F9E9EE00A9F956 /* ErrorViewModelType.swift */ = {isa = PBXFileReference; lastKnownFileType = sourcecode.swift; path = ErrorViewModelType.swift; sourceTree = "<group>"; };
		754C56EC28F9FBB700A9F956 /* CellConfigurable.swift */ = {isa = PBXFileReference; lastKnownFileType = sourcecode.swift; path = CellConfigurable.swift; sourceTree = "<group>"; };
		754C56EE28F9FC8F00A9F956 /* GameCellViewModel.swift */ = {isa = PBXFileReference; lastKnownFileType = sourcecode.swift; path = GameCellViewModel.swift; sourceTree = "<group>"; };
		754C56F028F9FDE600A9F956 /* GameCell.swift */ = {isa = PBXFileReference; lastKnownFileType = sourcecode.swift; path = GameCell.swift; sourceTree = "<group>"; };
		754C56F228F9FE7800A9F956 /* GameCell.xib */ = {isa = PBXFileReference; lastKnownFileType = file.xib; path = GameCell.xib; sourceTree = "<group>"; };
/* End PBXFileReference section */

/* Begin PBXFrameworksBuildPhase section */
		754C56A328F9436600A9F956 /* Frameworks */ = {
			isa = PBXFrameworksBuildPhase;
			buildActionMask = 2147483647;
			files = (
				EE66ECCDAD20DD7B5DF3AD35 /* Pods_pinch.framework in Frameworks */,
			);
			runOnlyForDeploymentPostprocessing = 0;
		};
/* End PBXFrameworksBuildPhase section */

/* Begin PBXGroup section */
		754C569D28F9436600A9F956 = {
			isa = PBXGroup;
			children = (
				754C56A828F9436600A9F956 /* pinch */,
				754C56A728F9436600A9F956 /* Products */,
				7CE36013A19C1B9B9F5567FF /* Pods */,
				B34DC5A507CE76269493E9A0 /* Frameworks */,
			);
			sourceTree = "<group>";
		};
		754C56A728F9436600A9F956 /* Products */ = {
			isa = PBXGroup;
			children = (
				754C56A628F9436600A9F956 /* pinch.app */,
			);
			name = Products;
			sourceTree = "<group>";
		};
		754C56A828F9436600A9F956 /* pinch */ = {
			isa = PBXGroup;
			children = (
				754C56DC28F9E40900A9F956 /* Coordinators */,
				754C56D528F98B8200A9F956 /* App */,
				754C56D228F9738C00A9F956 /* Network */,
				754C56CF28F96EF800A9F956 /* DataModels */,
				754C56C628F95FF700A9F956 /* DependencyGraph */,
				754C56C328F95FBE00A9F956 /* Services */,
				754C56A928F9436600A9F956 /* AppDelegate.swift */,
				754C56AB28F9436600A9F956 /* SceneDelegate.swift */,
				754C56B528F9436700A9F956 /* Assets.xcassets */,
				754C56B728F9436700A9F956 /* LaunchScreen.storyboard */,
				754C56BA28F9436700A9F956 /* Info.plist */,
				754C56B228F9436600A9F956 /* pinch.xcdatamodeld */,
			);
			path = pinch;
			sourceTree = "<group>";
		};
		754C56C328F95FBE00A9F956 /* Services */ = {
			isa = PBXGroup;
			children = (
				754C56C428F95FD000A9F956 /* EndPointService.swift */,
				754C56CD28F9609700A9F956 /* EndPointServiceType.swift */,
			);
			path = Services;
			sourceTree = "<group>";
		};
		754C56C628F95FF700A9F956 /* DependencyGraph */ = {
			isa = PBXGroup;
			children = (
				754C56C728F9601B00A9F956 /* ServiceWrapper.swift */,
				754C56C928F9603D00A9F956 /* DependencyResolver.swift */,
				754C56CB28F9605700A9F956 /* DependencyGraph.swift */,
			);
			path = DependencyGraph;
			sourceTree = "<group>";
		};
		754C56CF28F96EF800A9F956 /* DataModels */ = {
			isa = PBXGroup;
			children = (
				754C56D028F96F0A00A9F956 /* Game.swift */,
			);
			path = DataModels;
			sourceTree = "<group>";
		};
		754C56D228F9738C00A9F956 /* Network */ = {
			isa = PBXGroup;
			children = (
				754C56C028F9586400A9F956 /* EasyRequest.swift */,
			);
			path = Network;
			sourceTree = "<group>";
		};
		754C56D528F98B8200A9F956 /* App */ = {
			isa = PBXGroup;
			children = (
				754C56D628F9DF4A00A9F956 /* Storyboarded.swift */,
				754C56EB28F9FB9A00A9F956 /* Cells */,
				754C56E328F9E99D00A9F956 /* Games */,
				754C56E428F9E9BB00A9F956 /* Error */,
			);
			path = App;
			sourceTree = "<group>";
		};
		754C56DC28F9E40900A9F956 /* Coordinators */ = {
			isa = PBXGroup;
			children = (
				754C56DD28F9E43300A9F956 /* Coordinator.swift */,
				754C56DF28F9E45D00A9F956 /* MainCoordinator.swift */,
				754C56E128F9E4F900A9F956 /* GamesCoordinator.swift */,
			);
			path = Coordinators;
			sourceTree = "<group>";
		};
		754C56E328F9E99D00A9F956 /* Games */ = {
			isa = PBXGroup;
			children = (
				754C56AF28F9436600A9F956 /* Games.storyboard */,
				754C56AD28F9436600A9F956 /* GamesViewController.swift */,
				754C56DA28F9E02B00A9F956 /* GamesViewModel.swift */,
				754C56D828F9E02200A9F956 /* GamesViewModelType.swift */,
			);
			path = Games;
			sourceTree = "<group>";
		};
		754C56E428F9E9BB00A9F956 /* Error */ = {
			isa = PBXGroup;
			children = (
				754C56E528F9E9D900A9F956 /* ErrorViewController.swift */,
				754C56E728F9E9E300A9F956 /* ErrorViewModel.swift */,
				754C56E928F9E9EE00A9F956 /* ErrorViewModelType.swift */,
			);
			path = Error;
			sourceTree = "<group>";
		};
		754C56EB28F9FB9A00A9F956 /* Cells */ = {
			isa = PBXGroup;
			children = (
				754C56EC28F9FBB700A9F956 /* CellConfigurable.swift */,
				754C56F228F9FE7800A9F956 /* GameCell.xib */,
				754C56F028F9FDE600A9F956 /* GameCell.swift */,
				754C56EE28F9FC8F00A9F956 /* GameCellViewModel.swift */,
			);
			path = Cells;
			sourceTree = "<group>";
		};
		7CE36013A19C1B9B9F5567FF /* Pods */ = {
			isa = PBXGroup;
			children = (
				15570E09228FD99BA5BB8573 /* Pods-pinch.debug.xcconfig */,
				7205E68CDF292476DB1AA87E /* Pods-pinch.release.xcconfig */,
			);
			path = Pods;
			sourceTree = "<group>";
		};
		B34DC5A507CE76269493E9A0 /* Frameworks */ = {
			isa = PBXGroup;
			children = (
				697B909A76462875ACAD959A /* Pods_pinch.framework */,
			);
			name = Frameworks;
			sourceTree = "<group>";
		};
/* End PBXGroup section */

/* Begin PBXNativeTarget section */
		754C56A528F9436600A9F956 /* pinch */ = {
			isa = PBXNativeTarget;
			buildConfigurationList = 754C56BD28F9436700A9F956 /* Build configuration list for PBXNativeTarget "pinch" */;
			buildPhases = (
				427B3CF36541658CED13B80C /* [CP] Check Pods Manifest.lock */,
				754C56A228F9436600A9F956 /* Sources */,
				754C56A328F9436600A9F956 /* Frameworks */,
				754C56A428F9436600A9F956 /* Resources */,
				754C56C228F95E0E00A9F956 /* ShellScript */,
			);
			buildRules = (
			);
			dependencies = (
			);
			name = pinch;
			productName = pinch;
			productReference = 754C56A628F9436600A9F956 /* pinch.app */;
			productType = "com.apple.product-type.application";
		};
/* End PBXNativeTarget section */

/* Begin PBXProject section */
		754C569E28F9436600A9F956 /* Project object */ = {
			isa = PBXProject;
			attributes = {
				BuildIndependentTargetsInParallel = 1;
				LastSwiftUpdateCheck = 1400;
				LastUpgradeCheck = 1400;
				TargetAttributes = {
					754C56A528F9436600A9F956 = {
						CreatedOnToolsVersion = 14.0.1;
					};
				};
			};
			buildConfigurationList = 754C56A128F9436600A9F956 /* Build configuration list for PBXProject "pinch" */;
			compatibilityVersion = "Xcode 14.0";
			developmentRegion = en;
			hasScannedForEncodings = 0;
			knownRegions = (
				en,
				Base,
			);
			mainGroup = 754C569D28F9436600A9F956;
			productRefGroup = 754C56A728F9436600A9F956 /* Products */;
			projectDirPath = "";
			projectRoot = "";
			targets = (
				754C56A528F9436600A9F956 /* pinch */,
			);
		};
/* End PBXProject section */

/* Begin PBXResourcesBuildPhase section */
		754C56A428F9436600A9F956 /* Resources */ = {
			isa = PBXResourcesBuildPhase;
			buildActionMask = 2147483647;
			files = (
				754C56B928F9436700A9F956 /* LaunchScreen.storyboard in Resources */,
				754C56B628F9436700A9F956 /* Assets.xcassets in Resources */,
				754C56B128F9436600A9F956 /* Games.storyboard in Resources */,
				754C56F328F9FE7800A9F956 /* GameCell.xib in Resources */,
			);
			runOnlyForDeploymentPostprocessing = 0;
		};
/* End PBXResourcesBuildPhase section */

/* Begin PBXShellScriptBuildPhase section */
		427B3CF36541658CED13B80C /* [CP] Check Pods Manifest.lock */ = {
			isa = PBXShellScriptBuildPhase;
			buildActionMask = 2147483647;
			files = (
			);
			inputFileListPaths = (
			);
			inputPaths = (
				"${PODS_PODFILE_DIR_PATH}/Podfile.lock",
				"${PODS_ROOT}/Manifest.lock",
			);
			name = "[CP] Check Pods Manifest.lock";
			outputFileListPaths = (
			);
			outputPaths = (
				"$(DERIVED_FILE_DIR)/Pods-pinch-checkManifestLockResult.txt",
			);
			runOnlyForDeploymentPostprocessing = 0;
			shellPath = /bin/sh;
			shellScript = "diff \"${PODS_PODFILE_DIR_PATH}/Podfile.lock\" \"${PODS_ROOT}/Manifest.lock\" > /dev/null\nif [ $? != 0 ] ; then\n    # print error to STDERR\n    echo \"error: The sandbox is not in sync with the Podfile.lock. Run 'pod install' or update your CocoaPods installation.\" >&2\n    exit 1\nfi\n# This output is used by Xcode 'outputs' to avoid re-running this script phase.\necho \"SUCCESS\" > \"${SCRIPT_OUTPUT_FILE_0}\"\n";
			showEnvVarsInLog = 0;
		};
		754C56C228F95E0E00A9F956 /* ShellScript */ = {
			isa = PBXShellScriptBuildPhase;
			buildActionMask = 2147483647;
			files = (
			);
			inputFileListPaths = (
			);
			inputPaths = (
			);
			outputFileListPaths = (
			);
			outputPaths = (
			);
			runOnlyForDeploymentPostprocessing = 0;
			shellPath = /bin/sh;
			shellScript = "
";
		};
/* End PBXShellScriptBuildPhase section */

/* Begin PBXSourcesBuildPhase section */
		754C56A228F9436600A9F956 /* Sources */ = {
			isa = PBXSourcesBuildPhase;
			buildActionMask = 2147483647;
			files = (
				754C56B428F9436600A9F956 /* pinch.xcdatamodeld in Sources */,
				754C56AE28F9436600A9F956 /* GamesViewController.swift in Sources */,
				754C56DE28F9E43300A9F956 /* Coordinator.swift in Sources */,
				754C56EA28F9E9EE00A9F956 /* ErrorViewModelType.swift in Sources */,
				754C56AA28F9436600A9F956 /* AppDelegate.swift in Sources */,
				754C56C128F9586400A9F956 /* EasyRequest.swift in Sources */,
				754C56CE28F9609700A9F956 /* EndPointServiceType.swift in Sources */,
				754C56E828F9E9E300A9F956 /* ErrorViewModel.swift in Sources */,
				754C56CA28F9603D00A9F956 /* DependencyResolver.swift in Sources */,
				754C56E628F9E9D900A9F956 /* ErrorViewController.swift in Sources */,
				754C56D128F96F0A00A9F956 /* Game.swift in Sources */,
				754C56C828F9601B00A9F956 /* ServiceWrapper.swift in Sources */,
				754C56CC28F9605700A9F956 /* DependencyGraph.swift in Sources */,
				754C56C528F95FD000A9F956 /* EndPointService.swift in Sources */,
				754C56E228F9E4F900A9F956 /* GamesCoordinator.swift in Sources */,
				754C56DB28F9E02B00A9F956 /* GamesViewModel.swift in Sources */,
				754C56ED28F9FBB700A9F956 /* CellConfigurable.swift in Sources */,
				754C56AC28F9436600A9F956 /* SceneDelegate.swift in Sources */,
				754C56D928F9E02200A9F956 /* GamesViewModelType.swift in Sources */,
				754C56F128F9FDE600A9F956 /* GameCell.swift in Sources */,
				754C56D728F9DF4A00A9F956 /* Storyboarded.swift in Sources */,
				754C56EF28F9FC8F00A9F956 /* GameCellViewModel.swift in Sources */,
				754C56E028F9E45D00A9F956 /* MainCoordinator.swift in Sources */,
			);
			runOnlyForDeploymentPostprocessing = 0;
		};
/* End PBXSourcesBuildPhase section */

/* Begin PBXVariantGroup section */
		754C56AF28F9436600A9F956 /* Games.storyboard */ = {
			isa = PBXVariantGroup;
			children = (
				754C56B028F9436600A9F956 /* Base */,
			);
			name = Games.storyboard;
			sourceTree = "<group>";
		};
		754C56B728F9436700A9F956 /* LaunchScreen.storyboard */ = {
			isa = PBXVariantGroup;
			children = (
				754C56B828F9436700A9F956 /* Base */,
			);
			name = LaunchScreen.storyboard;
			sourceTree = "<group>";
		};
/* End PBXVariantGroup section */

/* Begin XCBuildConfiguration section */
		754C56BB28F9436700A9F956 /* Debug */ = {
			isa = XCBuildConfiguration;
			buildSettings = {
				ALWAYS_SEARCH_USER_PATHS = NO;
				CLANG_ANALYZER_NONNULL = YES;
				CLANG_ANALYZER_NUMBER_OBJECT_CONVERSION = YES_AGGRESSIVE;
				CLANG_CXX_LANGUAGE_STANDARD = "gnu++20";
				CLANG_ENABLE_MODULES = YES;
				CLANG_ENABLE_OBJC_ARC = YES;
				CLANG_ENABLE_OBJC_WEAK = YES;
				CLANG_WARN_BLOCK_CAPTURE_AUTORELEASING = YES;
				CLANG_WARN_BOOL_CONVERSION = YES;
				CLANG_WARN_COMMA = YES;
				CLANG_WARN_CONSTANT_CONVERSION = YES;
				CLANG_WARN_DEPRECATED_OBJC_IMPLEMENTATIONS = YES;
				CLANG_WARN_DIRECT_OBJC_ISA_USAGE = YES_ERROR;
				CLANG_WARN_DOCUMENTATION_COMMENTS = YES;
				CLANG_WARN_EMPTY_BODY = YES;
				CLANG_WARN_ENUM_CONVERSION = YES;
				CLANG_WARN_INFINITE_RECURSION = YES;
				CLANG_WARN_INT_CONVERSION = YES;
				CLANG_WARN_NON_LITERAL_NULL_CONVERSION = YES;
				CLANG_WARN_OBJC_IMPLICIT_RETAIN_SELF = YES;
				CLANG_WARN_OBJC_LITERAL_CONVERSION = YES;
				CLANG_WARN_OBJC_ROOT_CLASS = YES_ERROR;
				CLANG_WARN_QUOTED_INCLUDE_IN_FRAMEWORK_HEADER = YES;
				CLANG_WARN_RANGE_LOOP_ANALYSIS = YES;
				CLANG_WARN_STRICT_PROTOTYPES = YES;
				CLANG_WARN_SUSPICIOUS_MOVE = YES;
				CLANG_WARN_UNGUARDED_AVAILABILITY = YES_AGGRESSIVE;
				CLANG_WARN_UNREACHABLE_CODE = YES;
				CLANG_WARN__DUPLICATE_METHOD_MATCH = YES;
				COPY_PHASE_STRIP = NO;
				DEBUG_INFORMATION_FORMAT = dwarf;
				ENABLE_STRICT_OBJC_MSGSEND = YES;
				ENABLE_TESTABILITY = YES;
				GCC_C_LANGUAGE_STANDARD = gnu11;
				GCC_DYNAMIC_NO_PIC = NO;
				GCC_NO_COMMON_BLOCKS = YES;
				GCC_OPTIMIZATION_LEVEL = 0;
				GCC_PREPROCESSOR_DEFINITIONS = (
					"DEBUG=1",
					"$(inherited)",
				);
				GCC_WARN_64_TO_32_BIT_CONVERSION = YES;
				GCC_WARN_ABOUT_RETURN_TYPE = YES_ERROR;
				GCC_WARN_UNDECLARED_SELECTOR = YES;
				GCC_WARN_UNINITIALIZED_AUTOS = YES_AGGRESSIVE;
				GCC_WARN_UNUSED_FUNCTION = YES;
				GCC_WARN_UNUSED_VARIABLE = YES;
				IPHONEOS_DEPLOYMENT_TARGET = 16.0;
				MTL_ENABLE_DEBUG_INFO = INCLUDE_SOURCE;
				MTL_FAST_MATH = YES;
				ONLY_ACTIVE_ARCH = YES;
				SDKROOT = iphoneos;
				SWIFT_ACTIVE_COMPILATION_CONDITIONS = DEBUG;
				SWIFT_OPTIMIZATION_LEVEL = "-Onone";
			};
			name = Debug;
		};
		754C56BC28F9436700A9F956 /* Release */ = {
			isa = XCBuildConfiguration;
			buildSettings = {
				ALWAYS_SEARCH_USER_PATHS = NO;
				CLANG_ANALYZER_NONNULL = YES;
				CLANG_ANALYZER_NUMBER_OBJECT_CONVERSION = YES_AGGRESSIVE;
				CLANG_CXX_LANGUAGE_STANDARD = "gnu++20";
				CLANG_ENABLE_MODULES = YES;
				CLANG_ENABLE_OBJC_ARC = YES;
				CLANG_ENABLE_OBJC_WEAK = YES;
				CLANG_WARN_BLOCK_CAPTURE_AUTORELEASING = YES;
				CLANG_WARN_BOOL_CONVERSION = YES;
				CLANG_WARN_COMMA = YES;
				CLANG_WARN_CONSTANT_CONVERSION = YES;
				CLANG_WARN_DEPRECATED_OBJC_IMPLEMENTATIONS = YES;
				CLANG_WARN_DIRECT_OBJC_ISA_USAGE = YES_ERROR;
				CLANG_WARN_DOCUMENTATION_COMMENTS = YES;
				CLANG_WARN_EMPTY_BODY = YES;
				CLANG_WARN_ENUM_CONVERSION = YES;
				CLANG_WARN_INFINITE_RECURSION = YES;
				CLANG_WARN_INT_CONVERSION = YES;
				CLANG_WARN_NON_LITERAL_NULL_CONVERSION = YES;
				CLANG_WARN_OBJC_IMPLICIT_RETAIN_SELF = YES;
				CLANG_WARN_OBJC_LITERAL_CONVERSION = YES;
				CLANG_WARN_OBJC_ROOT_CLASS = YES_ERROR;
				CLANG_WARN_QUOTED_INCLUDE_IN_FRAMEWORK_HEADER = YES;
				CLANG_WARN_RANGE_LOOP_ANALYSIS = YES;
				CLANG_WARN_STRICT_PROTOTYPES = YES;
				CLANG_WARN_SUSPICIOUS_MOVE = YES;
				CLANG_WARN_UNGUARDED_AVAILABILITY = YES_AGGRESSIVE;
				CLANG_WARN_UNREACHABLE_CODE = YES;
				CLANG_WARN__DUPLICATE_METHOD_MATCH = YES;
				COPY_PHASE_STRIP = NO;
				DEBUG_INFORMATION_FORMAT = "dwarf-with-dsym";
				ENABLE_NS_ASSERTIONS = NO;
				ENABLE_STRICT_OBJC_MSGSEND = YES;
				GCC_C_LANGUAGE_STANDARD = gnu11;
				GCC_NO_COMMON_BLOCKS = YES;
				GCC_WARN_64_TO_32_BIT_CONVERSION = YES;
				GCC_WARN_ABOUT_RETURN_TYPE = YES_ERROR;
				GCC_WARN_UNDECLARED_SELECTOR = YES;
				GCC_WARN_UNINITIALIZED_AUTOS = YES_AGGRESSIVE;
				GCC_WARN_UNUSED_FUNCTION = YES;
				GCC_WARN_UNUSED_VARIABLE = YES;
				IPHONEOS_DEPLOYMENT_TARGET = 16.0;
				MTL_ENABLE_DEBUG_INFO = NO;
				MTL_FAST_MATH = YES;
				SDKROOT = iphoneos;
				SWIFT_COMPILATION_MODE = wholemodule;
				SWIFT_OPTIMIZATION_LEVEL = "-O";
				VALIDATE_PRODUCT = YES;
			};
			name = Release;
		};
		754C56BE28F9436700A9F956 /* Debug */ = {
			isa = XCBuildConfiguration;
			baseConfigurationReference = 15570E09228FD99BA5BB8573 /* Pods-pinch.debug.xcconfig */;
			buildSettings = {
				ASSETCATALOG_COMPILER_APPICON_NAME = AppIcon;
				ASSETCATALOG_COMPILER_GLOBAL_ACCENT_COLOR_NAME = AccentColor;
				CODE_SIGN_STYLE = Automatic;
				CURRENT_PROJECT_VERSION = 1;
				DEVELOPMENT_TEAM = MVMQPVN965;
				GENERATE_INFOPLIST_FILE = YES;
				INFOPLIST_FILE = pinch/Info.plist;
				INFOPLIST_KEY_UIApplicationSupportsIndirectInputEvents = YES;
				INFOPLIST_KEY_UILaunchStoryboardName = LaunchScreen;
				INFOPLIST_KEY_UIMainStoryboardFile = Main;
				INFOPLIST_KEY_UISupportedInterfaceOrientations_iPad = "UIInterfaceOrientationPortrait UIInterfaceOrientationPortraitUpsideDown UIInterfaceOrientationLandscapeLeft UIInterfaceOrientationLandscapeRight";
				INFOPLIST_KEY_UISupportedInterfaceOrientations_iPhone = "UIInterfaceOrientationPortrait UIInterfaceOrientationLandscapeLeft UIInterfaceOrientationLandscapeRight";
				LD_RUNPATH_SEARCH_PATHS = (
					"$(inherited)",
					"@executable_path/Frameworks",
				);
				MARKETING_VERSION = 1.0;
				PRODUCT_BUNDLE_IDENTIFIER = nl.pinch.assgnmnt;
				PRODUCT_NAME = "$(TARGET_NAME)";
				SWIFT_EMIT_LOC_STRINGS = YES;
				SWIFT_VERSION = 5.0;
				TARGETED_DEVICE_FAMILY = "1,2";
			};
			name = Debug;
		};
		754C56BF28F9436700A9F956 /* Release */ = {
			isa = XCBuildConfiguration;
			baseConfigurationReference = 7205E68CDF292476DB1AA87E /* Pods-pinch.release.xcconfig */;
			buildSettings = {
				ASSETCATALOG_COMPILER_APPICON_NAME = AppIcon;
				ASSETCATALOG_COMPILER_GLOBAL_ACCENT_COLOR_NAME = AccentColor;
				CODE_SIGN_STYLE = Automatic;
				CURRENT_PROJECT_VERSION = 1;
				DEVELOPMENT_TEAM = MVMQPVN965;
				GENERATE_INFOPLIST_FILE = YES;
				INFOPLIST_FILE = pinch/Info.plist;
				INFOPLIST_KEY_UIApplicationSupportsIndirectInputEvents = YES;
				INFOPLIST_KEY_UILaunchStoryboardName = LaunchScreen;
				INFOPLIST_KEY_UIMainStoryboardFile = Main;
				INFOPLIST_KEY_UISupportedInterfaceOrientations_iPad = "UIInterfaceOrientationPortrait UIInterfaceOrientationPortraitUpsideDown UIInterfaceOrientationLandscapeLeft UIInterfaceOrientationLandscapeRight";
				INFOPLIST_KEY_UISupportedInterfaceOrientations_iPhone = "UIInterfaceOrientationPortrait UIInterfaceOrientationLandscapeLeft UIInterfaceOrientationLandscapeRight";
				LD_RUNPATH_SEARCH_PATHS = (
					"$(inherited)",
					"@executable_path/Frameworks",
				);
				MARKETING_VERSION = 1.0;
				PRODUCT_BUNDLE_IDENTIFIER = nl.pinch.assgnmnt;
				PRODUCT_NAME = "$(TARGET_NAME)";
				SWIFT_EMIT_LOC_STRINGS = YES;
				SWIFT_VERSION = 5.0;
				TARGETED_DEVICE_FAMILY = "1,2";
			};
			name = Release;
		};
/* End XCBuildConfiguration section */

/* Begin XCConfigurationList section */
		754C56A128F9436600A9F956 /* Build configuration list for PBXProject "pinch" */ = {
			isa = XCConfigurationList;
			buildConfigurations = (
				754C56BB28F9436700A9F956 /* Debug */,
				754C56BC28F9436700A9F956 /* Release */,
			);
			defaultConfigurationIsVisible = 0;
			defaultConfigurationName = Release;
		};
		754C56BD28F9436700A9F956 /* Build configuration list for PBXNativeTarget "pinch" */ = {
			isa = XCConfigurationList;
			buildConfigurations = (
				754C56BE28F9436700A9F956 /* Debug */,
				754C56BF28F9436700A9F956 /* Release */,
			);
			defaultConfigurationIsVisible = 0;
			defaultConfigurationName = Release;
		};
/* End XCConfigurationList section */

/* Begin XCVersionGroup section */
		754C56B228F9436600A9F956 /* pinch.xcdatamodeld */ = {
			isa = XCVersionGroup;
			children = (
				754C56B328F9436600A9F956 /* pinch.xcdatamodel */,
			);
			currentVersion = 754C56B328F9436600A9F956 /* pinch.xcdatamodel */;
			path = pinch.xcdatamodeld;
			sourceTree = "<group>";
			versionGroupType = wrapper.xcdatamodel;
		};
/* End XCVersionGroup section */
	};
	rootObject = 754C569E28F9436600A9F956 /* Project object */;
}
